
Microsoft Visual Studio Solution File, Format Version 11.00
# Visual Studio 2010
Project("{FAE04EC0-301F-11D3-BF4B-00C04F79EFBC}") = "Assembly-CSharp", "Assembly-CSharp.csproj", "{77DD3C04-3687-86F3-F6B4-00A65926C2D8}"
EndProject
Project("{FAE04EC0-301F-11D3-BF4B-00C04F79EFBC}") = "Assembly-CSharp-firstpass", "Assembly-CSharp-firstpass.csproj", "{4DAD2D61-63D2-CEB6-9855-6E1AC3727359}"
EndProject
Project("{FAE04EC0-301F-11D3-BF4B-00C04F79EFBC}") = "Assembly-CSharp-Editor-firstpass", "Assembly-CSharp-Editor-firstpass.csproj", "{E51AC8E3-6B41-3EC5-A830-1D34D0F0E6F0}"
EndProject
Global
	GlobalSection(SolutionConfigurationPlatforms) = preSolution
		Debug|Any CPU = Debug|Any CPU
		Release|Any CPU = Release|Any CPU
	EndGlobalSection
	GlobalSection(ProjectConfigurationPlatforms) = postSolution
		{77DD3C04-3687-86F3-F6B4-00A65926C2D8}.Debug|Any CPU.ActiveCfg = Debug|Any CPU
		{77DD3C04-3687-86F3-F6B4-00A65926C2D8}.Debug|Any CPU.Build.0 = Debug|Any CPU
		{77DD3C04-3687-86F3-F6B4-00A65926C2D8}.Release|Any CPU.ActiveCfg = Release|Any CPU
		{77DD3C04-3687-86F3-F6B4-00A65926C2D8}.Release|Any CPU.Build.0 = Release|Any CPU
		{4DAD2D61-63D2-CEB6-9855-6E1AC3727359}.Debug|Any CPU.ActiveCfg = Debug|Any CPU
		{4DAD2D61-63D2-CEB6-9855-6E1AC3727359}.Debug|Any CPU.Build.0 = Debug|Any CPU
		{4DAD2D61-63D2-CEB6-9855-6E1AC3727359}.Release|Any CPU.ActiveCfg = Release|Any CPU
		{4DAD2D61-63D2-CEB6-9855-6E1AC3727359}.Release|Any CPU.Build.0 = Release|Any CPU
		{E51AC8E3-6B41-3EC5-A830-1D34D0F0E6F0}.Debug|Any CPU.ActiveCfg = Debug|Any CPU
		{E51AC8E3-6B41-3EC5-A830-1D34D0F0E6F0}.Debug|Any CPU.Build.0 = Debug|Any CPU
		{E51AC8E3-6B41-3EC5-A830-1D34D0F0E6F0}.Release|Any CPU.ActiveCfg = Release|Any CPU
		{E51AC8E3-6B41-3EC5-A830-1D34D0F0E6F0}.Release|Any CPU.Build.0 = Release|Any CPU
	EndGlobalSection
	GlobalSection(SolutionProperties) = preSolution
		HideSolutionNode = FALSE
	EndGlobalSection
	GlobalSection(MonoDevelopProperties) = preSolution
		StartupItem = Assembly-CSharp.csproj
	EndGlobalSection
EndGlobal
