
Microsoft Visual Studio Solution File, Format Version 11.00
# Visual Studio 2010
Project("{FAE04EC0-301F-11D3-BF4B-00C04F79EFBC}") = "Assembly-CSharp", "Assembly-CSharp.csproj", "{5429A1D4-03FF-F1CE-2592-3895C8C2239C}"
EndProject
Project("{FAE04EC0-301F-11D3-BF4B-00C04F79EFBC}") = "Assembly-CSharp-firstpass", "Assembly-CSharp-firstpass.csproj", "{50B0927A-C532-25C7-B7D1-442B3FBBE295}"
EndProject
Project("{FAE04EC0-301F-11D3-BF4B-00C04F79EFBC}") = "Assembly-CSharp-Editor-firstpass", "Assembly-CSharp-Editor-firstpass.csproj", "{89ADB02C-302F-6437-3690-B761157E3A6A}"
EndProject
Project("{FAE04EC0-301F-11D3-BF4B-00C04F79EFBC}") = "Assembly-CSharp-Editor", "Assembly-CSharp-Editor.csproj", "{4626D7FB-9BB0-34EA-DAE6-B1DC10A742F2}"
EndProject
Global
	GlobalSection(SolutionConfigurationPlatforms) = preSolution
		Debug|Any CPU = Debug|Any CPU
		Release|Any CPU = Release|Any CPU
	EndGlobalSection
	GlobalSection(ProjectConfigurationPlatforms) = postSolution
		{5429A1D4-03FF-F1CE-2592-3895C8C2239C}.Debug|Any CPU.ActiveCfg = Debug|Any CPU
		{5429A1D4-03FF-F1CE-2592-3895C8C2239C}.Debug|Any CPU.Build.0 = Debug|Any CPU
		{5429A1D4-03FF-F1CE-2592-3895C8C2239C}.Release|Any CPU.ActiveCfg = Release|Any CPU
		{5429A1D4-03FF-F1CE-2592-3895C8C2239C}.Release|Any CPU.Build.0 = Release|Any CPU
		{50B0927A-C532-25C7-B7D1-442B3FBBE295}.Debug|Any CPU.ActiveCfg = Debug|Any CPU
		{50B0927A-C532-25C7-B7D1-442B3FBBE295}.Debug|Any CPU.Build.0 = Debug|Any CPU
		{50B0927A-C532-25C7-B7D1-442B3FBBE295}.Release|Any CPU.ActiveCfg = Release|Any CPU
		{50B0927A-C532-25C7-B7D1-442B3FBBE295}.Release|Any CPU.Build.0 = Release|Any CPU
		{89ADB02C-302F-6437-3690-B761157E3A6A}.Debug|Any CPU.ActiveCfg = Debug|Any CPU
		{89ADB02C-302F-6437-3690-B761157E3A6A}.Debug|Any CPU.Build.0 = Debug|Any CPU
		{89ADB02C-302F-6437-3690-B761157E3A6A}.Release|Any CPU.ActiveCfg = Release|Any CPU
		{89ADB02C-302F-6437-3690-B761157E3A6A}.Release|Any CPU.Build.0 = Release|Any CPU
		{4626D7FB-9BB0-34EA-DAE6-B1DC10A742F2}.Debug|Any CPU.ActiveCfg = Debug|Any CPU
		{4626D7FB-9BB0-34EA-DAE6-B1DC10A742F2}.Debug|Any CPU.Build.0 = Debug|Any CPU
		{4626D7FB-9BB0-34EA-DAE6-B1DC10A742F2}.Release|Any CPU.ActiveCfg = Release|Any CPU
		{4626D7FB-9BB0-34EA-DAE6-B1DC10A742F2}.Release|Any CPU.Build.0 = Release|Any CPU
	EndGlobalSection
	GlobalSection(SolutionProperties) = preSolution
		HideSolutionNode = FALSE
	EndGlobalSection
	GlobalSection(MonoDevelopProperties) = preSolution
		StartupItem = Assembly-CSharp.csproj
	EndGlobalSection
EndGlobal
